
Microsoft Visual Studio Solution File, Format Version 12.00
# Visual Studio Version 16
VisualStudioVersion = 16.0.29215.179
MinimumVisualStudioVersion = 10.0.40219.1
Project("{9A19103F-16F7-4668-BE54-9A1E7A4F7556}") = "Server", "Server\Server.csproj", "{198A781F-528F-4BD5-A0E7-36861053607A}"
EndProject
Project("{9A19103F-16F7-4668-BE54-9A1E7A4F7556}") = "Shared", "Shared\Shared.csproj", "{0143EC8A-B2BF-4FEB-A629-695FC4DB52E7}"
EndProject
Project("{FAE04EC0-301F-11D3-BF4B-00C04F79EFBC}") = "Client", "Client\Client.csproj", "{2A2DBD01-300D-4D27-AB94-F47006A16267}"
EndProject
Global
	GlobalSection(SolutionConfigurationPlatforms) = preSolution
		Debug|Any CPU = Debug|Any CPU
		Release|Any CPU = Release|Any CPU
	EndGlobalSection
	GlobalSection(ProjectConfigurationPlatforms) = postSolution
		{198A781F-528F-4BD5-A0E7-36861053607A}.Debug|Any CPU.ActiveCfg = Debug|Any CPU
		{198A781F-528F-4BD5-A0E7-36861053607A}.Debug|Any CPU.Build.0 = Debug|Any CPU
		{198A781F-528F-4BD5-A0E7-36861053607A}.Release|Any CPU.ActiveCfg = Release|Any CPU
		{198A781F-528F-4BD5-A0E7-36861053607A}.Release|Any CPU.Build.0 = Release|Any CPU
		{0143EC8A-B2BF-4FEB-A629-695FC4DB52E7}.Debug|Any CPU.ActiveCfg = Debug|Any CPU
		{0143EC8A-B2BF-4FEB-A629-695FC4DB52E7}.Debug|Any CPU.Build.0 = Debug|Any CPU
		{0143EC8A-B2BF-4FEB-A629-695FC4DB52E7}.Release|Any CPU.ActiveCfg = Release|Any CPU
		{0143EC8A-B2BF-4FEB-A629-695FC4DB52E7}.Release|Any CPU.Build.0 = Release|Any CPU
		{2A2DBD01-300D-4D27-AB94-F47006A16267}.Debug|Any CPU.ActiveCfg = Debug|Any CPU
		{2A2DBD01-300D-4D27-AB94-F47006A16267}.Debug|Any CPU.Build.0 = Debug|Any CPU
		{2A2DBD01-300D-4D27-AB94-F47006A16267}.Release|Any CPU.ActiveCfg = Release|Any CPU
		{2A2DBD01-300D-4D27-AB94-F47006A16267}.Release|Any CPU.Build.0 = Release|Any CPU
	EndGlobalSection
	GlobalSection(SolutionProperties) = preSolution
		HideSolutionNode = FALSE
	EndGlobalSection
	GlobalSection(ExtensibilityGlobals) = postSolution
		SolutionGuid = {C7300C4D-9F96-478D-B4B3-3B1C95A33593}
	EndGlobalSection
EndGlobal
